
Microsoft Visual Studio Solution File, Format Version 12.00
# Visual Studio Version 17
VisualStudioVersion = 17.1.32414.318
MinimumVisualStudioVersion = 10.0.40219.1
Project("{2150E333-8FDC-42A3-9474-1A3956D46DE8}") = "Basic", "Basic", "{6CF27302-AF53-4510-BD39-F96F65C608D3}"
EndProject
Project("{9A19103F-16F7-4668-BE54-9A1E7A4F7556}") = "HelloWorld", "HelloWorld\HelloWorld\HelloWorld.csproj", "{3E398E72-9426-4A22-8532-6AF79151D763}"
EndProject
Project("{9A19103F-16F7-4668-BE54-9A1E7A4F7556}") = "HelloWorld.Demo", "HelloWorld\HelloWorld.Demo\HelloWorld.Demo.csproj", "{352AE396-90D5-45EA-B222-BDF3529F80D2}"
EndProject
Global
	GlobalSection(SolutionConfigurationPlatforms) = preSolution
		Debug|Any CPU = Debug|Any CPU
		Release|Any CPU = Release|Any CPU
	EndGlobalSection
	GlobalSection(ProjectConfigurationPlatforms) = postSolution
		{3E398E72-9426-4A22-8532-6AF79151D763}.Debug|Any CPU.ActiveCfg = Debug|Any CPU
		{3E398E72-9426-4A22-8532-6AF79151D763}.Debug|Any CPU.Build.0 = Debug|Any CPU
		{3E398E72-9426-4A22-8532-6AF79151D763}.Release|Any CPU.ActiveCfg = Release|Any CPU
		{3E398E72-9426-4A22-8532-6AF79151D763}.Release|Any CPU.Build.0 = Release|Any CPU
		{352AE396-90D5-45EA-B222-BDF3529F80D2}.Debug|Any CPU.ActiveCfg = Debug|Any CPU
		{352AE396-90D5-45EA-B222-BDF3529F80D2}.Debug|Any CPU.Build.0 = Debug|Any CPU
		{352AE396-90D5-45EA-B222-BDF3529F80D2}.Release|Any CPU.ActiveCfg = Release|Any CPU
		{352AE396-90D5-45EA-B222-BDF3529F80D2}.Release|Any CPU.Build.0 = Release|Any CPU
	EndGlobalSection
	GlobalSection(SolutionProperties) = preSolution
		HideSolutionNode = FALSE
	EndGlobalSection
	GlobalSection(NestedProjects) = preSolution
		{3E398E72-9426-4A22-8532-6AF79151D763} = {6CF27302-AF53-4510-BD39-F96F65C608D3}
		{352AE396-90D5-45EA-B222-BDF3529F80D2} = {6CF27302-AF53-4510-BD39-F96F65C608D3}
	EndGlobalSection
	GlobalSection(ExtensibilityGlobals) = postSolution
		SolutionGuid = {B4653185-A4FF-48A8-9393-2F685776CC09}
	EndGlobalSection
EndGlobal
